// !$*UTF8*$!
{
	archiveVersion = 1;
	classes = {
	};
	objectVersion = 56;
	objects = {

/* Begin PBXBuildFile section */
		0746DD3C2CD0365900BB8F10 /* StutterQuestApp.swift in Sources */ = {isa = PBXBuildFile; fileRef = 0746DD3B2CD0365900BB8F10 /* StutterQuestApp.swift */; };
		0746DD402CD0365B00BB8F10 /* Assets.xcassets in Resources */ = {isa = PBXBuildFile; fileRef = 0746DD3F2CD0365B00BB8F10 /* Assets.xcassets */; };
		0746DD432CD0365B00BB8F10 /* Preview Assets.xcassets in Resources */ = {isa = PBXBuildFile; fileRef = 0746DD422CD0365B00BB8F10 /* Preview Assets.xcassets */; };
		0746DD4D2CD0365B00BB8F10 /* StutterQuestTests.swift in Sources */ = {isa = PBXBuildFile; fileRef = 0746DD4C2CD0365B00BB8F10 /* StutterQuestTests.swift */; };
		0746DD572CD0365B00BB8F10 /* StutterQuestUITests.swift in Sources */ = {isa = PBXBuildFile; fileRef = 0746DD562CD0365B00BB8F10 /* StutterQuestUITests.swift */; };
		0746DD592CD0365B00BB8F10 /* StutterQuestUITestsLaunchTests.swift in Sources */ = {isa = PBXBuildFile; fileRef = 0746DD582CD0365B00BB8F10 /* StutterQuestUITestsLaunchTests.swift */; };
		0746DD722CD2E5C800BB8F10 /* StoryView.swift in Sources */ = {isa = PBXBuildFile; fileRef = 0746DD712CD2E5C800BB8F10 /* StoryView.swift */; };
		0746DD742CD2E5F000BB8F10 /* SpeechRecognizer.swift in Sources */ = {isa = PBXBuildFile; fileRef = 0746DD732CD2E5F000BB8F10 /* SpeechRecognizer.swift */; };
		0746DD762CD2E61300BB8F10 /* TextComparison.swift in Sources */ = {isa = PBXBuildFile; fileRef = 0746DD752CD2E61300BB8F10 /* TextComparison.swift */; };
		0746DD7A2CD2EFA100BB8F10 /* PronunciationService.swift in Sources */ = {isa = PBXBuildFile; fileRef = 0746DD792CD2EFA100BB8F10 /* PronunciationService.swift */; };
		0746DD7C2CD2F2FF00BB8F10 /* WebView.swift in Sources */ = {isa = PBXBuildFile; fileRef = 0746DD7B2CD2F2FF00BB8F10 /* WebView.swift */; };
		0746DD7E2CD439D300BB8F10 /* StorySelectionView.swift in Sources */ = {isa = PBXBuildFile; fileRef = 0746DD7D2CD439D300BB8F10 /* StorySelectionView.swift */; };
		0746DD802CD5271800BB8F10 /* NavigationBarView.swift in Sources */ = {isa = PBXBuildFile; fileRef = 0746DD7F2CD5271800BB8F10 /* NavigationBarView.swift */; };
		0746DD822CD5277700BB8F10 /* StoryCardView.swift in Sources */ = {isa = PBXBuildFile; fileRef = 0746DD812CD5277700BB8F10 /* StoryCardView.swift */; };
		0746DD952CD94BF600BB8F10 /* Story.swift in Sources */ = {isa = PBXBuildFile; fileRef = 0746DD942CD94BF600BB8F10 /* Story.swift */; };
		0746DD982CD94C9E00BB8F10 /* StoryRepository.swift in Sources */ = {isa = PBXBuildFile; fileRef = 0746DD972CD94C9E00BB8F10 /* StoryRepository.swift */; };
		0746DD9C2CD94D6200BB8F10 /* StoryViewModel.swift in Sources */ = {isa = PBXBuildFile; fileRef = 0746DD9B2CD94D6200BB8F10 /* StoryViewModel.swift */; };
		0746DDA02CD9612500BB8F10 /* TestView.swift in Sources */ = {isa = PBXBuildFile; fileRef = 0746DD9F2CD9612500BB8F10 /* TestView.swift */; };
		19EE7BD52CDC66360078A05B /* User.swift in Sources */ = {isa = PBXBuildFile; fileRef = 19EE7BD42CDC66360078A05B /* User.swift */; };
		19EE7BD72CDC66630078A05B /* AuthViewModel.swift in Sources */ = {isa = PBXBuildFile; fileRef = 19EE7BD62CDC66630078A05B /* AuthViewModel.swift */; };
		19EE7BDA2CDC66E00078A05B /* CustomToggle.swift in Sources */ = {isa = PBXBuildFile; fileRef = 19EE7BD92CDC66E00078A05B /* CustomToggle.swift */; };
		19EE7BDC2CDC67050078A05B /* ContentView.swift in Sources */ = {isa = PBXBuildFile; fileRef = 19EE7BDB2CDC67050078A05B /* ContentView.swift */; };
		19EE7BDE2CDC67200078A05B /* SelectNicknameView.swift in Sources */ = {isa = PBXBuildFile; fileRef = 19EE7BDD2CDC67200078A05B /* SelectNicknameView.swift */; };
		19EE7BE02CDC67340078A05B /* SignInView.swift in Sources */ = {isa = PBXBuildFile; fileRef = 19EE7BDF2CDC67340078A05B /* SignInView.swift */; };
		19EE7BE22CDC67440078A05B /* SignUpView.swift in Sources */ = {isa = PBXBuildFile; fileRef = 19EE7BE12CDC67440078A05B /* SignUpView.swift */; };
		19EE7BE42CDC67D10078A05B /* GoogleService-Info.plist in Resources */ = {isa = PBXBuildFile; fileRef = 19EE7BE32CDC67D10078A05B /* GoogleService-Info.plist */; };
		19EE7C7F2CDD35340078A05B /* FirebaseAnalytics in Frameworks */ = {isa = PBXBuildFile; productRef = 19EE7C7E2CDD35340078A05B /* FirebaseAnalytics */; };
		19EE7C812CDD35340078A05B /* FirebaseAuth in Frameworks */ = {isa = PBXBuildFile; productRef = 19EE7C802CDD35340078A05B /* FirebaseAuth */; };
		19EE7C832CDD35340078A05B /* FirebaseAuthCombine-Community in Frameworks */ = {isa = PBXBuildFile; productRef = 19EE7C822CDD35340078A05B /* FirebaseAuthCombine-Community */; };
		19EE7C852CDD35340078A05B /* FirebaseCore in Frameworks */ = {isa = PBXBuildFile; productRef = 19EE7C842CDD35340078A05B /* FirebaseCore */; };
		19EE7C872CDD35340078A05B /* FirebaseDatabase in Frameworks */ = {isa = PBXBuildFile; productRef = 19EE7C862CDD35340078A05B /* FirebaseDatabase */; };
		19EE7C892CDD35340078A05B /* FirebaseDynamicLinks in Frameworks */ = {isa = PBXBuildFile; productRef = 19EE7C882CDD35340078A05B /* FirebaseDynamicLinks */; };
		19EE7C8B2CDD35340078A05B /* FirebaseFirestore in Frameworks */ = {isa = PBXBuildFile; productRef = 19EE7C8A2CDD35340078A05B /* FirebaseFirestore */; };
		19EE7C8D2CDD35340078A05B /* FirebaseFirestoreCombine-Community in Frameworks */ = {isa = PBXBuildFile; productRef = 19EE7C8C2CDD35340078A05B /* FirebaseFirestoreCombine-Community */; };
		19EE7C8F2CDD35340078A05B /* FirebaseStorage in Frameworks */ = {isa = PBXBuildFile; productRef = 19EE7C8E2CDD35340078A05B /* FirebaseStorage */; };
		19EE7C912CDD35340078A05B /* FirebaseStorageCombine-Community in Frameworks */ = {isa = PBXBuildFile; productRef = 19EE7C902CDD35340078A05B /* FirebaseStorageCombine-Community */; };
		7C80BF4A2CEEB1FC0033DD55 /* PreviewPanelView.swift in Sources */ = {isa = PBXBuildFile; fileRef = 7C80BF492CEEB1FC0033DD55 /* PreviewPanelView.swift */; };
		7C8DBDAC2CDC13330035B50A /* StoryCompletedView.swift in Sources */ = {isa = PBXBuildFile; fileRef = 7C8DBDAB2CDC13330035B50A /* StoryCompletedView.swift */; };
		7C8DBDB02CDD0A900035B50A /* LoadingView.swift in Sources */ = {isa = PBXBuildFile; fileRef = 7C8DBDAF2CDD0A900035B50A /* LoadingView.swift */; };
/* End PBXBuildFile section */

/* Begin PBXContainerItemProxy section */
		0746DD492CD0365B00BB8F10 /* PBXContainerItemProxy */ = {
			isa = PBXContainerItemProxy;
			containerPortal = 0746DD302CD0365900BB8F10 /* Project object */;
			proxyType = 1;
			remoteGlobalIDString = 0746DD372CD0365900BB8F10;
			remoteInfo = StutterQuest;
		};
		0746DD532CD0365B00BB8F10 /* PBXContainerItemProxy */ = {
			isa = PBXContainerItemProxy;
			containerPortal = 0746DD302CD0365900BB8F10 /* Project object */;
			proxyType = 1;
			remoteGlobalIDString = 0746DD372CD0365900BB8F10;
			remoteInfo = StutterQuest;
		};
/* End PBXContainerItemProxy section */

/* Begin PBXFileReference section */
		0746DD382CD0365900BB8F10 /* StutterQuest.app */ = {isa = PBXFileReference; explicitFileType = wrapper.application; includeInIndex = 0; path = StutterQuest.app; sourceTree = BUILT_PRODUCTS_DIR; };
		0746DD3B2CD0365900BB8F10 /* StutterQuestApp.swift */ = {isa = PBXFileReference; lastKnownFileType = sourcecode.swift; path = StutterQuestApp.swift; sourceTree = "<group>"; };
		0746DD3F2CD0365B00BB8F10 /* Assets.xcassets */ = {isa = PBXFileReference; lastKnownFileType = folder.assetcatalog; path = Assets.xcassets; sourceTree = "<group>"; };
		0746DD422CD0365B00BB8F10 /* Preview Assets.xcassets */ = {isa = PBXFileReference; lastKnownFileType = folder.assetcatalog; path = "Preview Assets.xcassets"; sourceTree = "<group>"; };
		0746DD482CD0365B00BB8F10 /* StutterQuestTests.xctest */ = {isa = PBXFileReference; explicitFileType = wrapper.cfbundle; includeInIndex = 0; path = StutterQuestTests.xctest; sourceTree = BUILT_PRODUCTS_DIR; };
		0746DD4C2CD0365B00BB8F10 /* StutterQuestTests.swift */ = {isa = PBXFileReference; lastKnownFileType = sourcecode.swift; path = StutterQuestTests.swift; sourceTree = "<group>"; };
		0746DD522CD0365B00BB8F10 /* StutterQuestUITests.xctest */ = {isa = PBXFileReference; explicitFileType = wrapper.cfbundle; includeInIndex = 0; path = StutterQuestUITests.xctest; sourceTree = BUILT_PRODUCTS_DIR; };
		0746DD562CD0365B00BB8F10 /* StutterQuestUITests.swift */ = {isa = PBXFileReference; lastKnownFileType = sourcecode.swift; path = StutterQuestUITests.swift; sourceTree = "<group>"; };
		0746DD582CD0365B00BB8F10 /* StutterQuestUITestsLaunchTests.swift */ = {isa = PBXFileReference; lastKnownFileType = sourcecode.swift; path = StutterQuestUITestsLaunchTests.swift; sourceTree = "<group>"; };
		0746DD712CD2E5C800BB8F10 /* StoryView.swift */ = {isa = PBXFileReference; lastKnownFileType = sourcecode.swift; path = StoryView.swift; sourceTree = "<group>"; };
		0746DD732CD2E5F000BB8F10 /* SpeechRecognizer.swift */ = {isa = PBXFileReference; lastKnownFileType = sourcecode.swift; path = SpeechRecognizer.swift; sourceTree = "<group>"; };
		0746DD752CD2E61300BB8F10 /* TextComparison.swift */ = {isa = PBXFileReference; lastKnownFileType = sourcecode.swift; path = TextComparison.swift; sourceTree = "<group>"; };
		0746DD792CD2EFA100BB8F10 /* PronunciationService.swift */ = {isa = PBXFileReference; lastKnownFileType = sourcecode.swift; path = PronunciationService.swift; sourceTree = "<group>"; };
		0746DD7B2CD2F2FF00BB8F10 /* WebView.swift */ = {isa = PBXFileReference; lastKnownFileType = sourcecode.swift; path = WebView.swift; sourceTree = "<group>"; };
		0746DD7D2CD439D300BB8F10 /* StorySelectionView.swift */ = {isa = PBXFileReference; lastKnownFileType = sourcecode.swift; path = StorySelectionView.swift; sourceTree = "<group>"; };
		0746DD7F2CD5271800BB8F10 /* NavigationBarView.swift */ = {isa = PBXFileReference; lastKnownFileType = sourcecode.swift; path = NavigationBarView.swift; sourceTree = "<group>"; };
		0746DD812CD5277700BB8F10 /* StoryCardView.swift */ = {isa = PBXFileReference; lastKnownFileType = sourcecode.swift; path = StoryCardView.swift; sourceTree = "<group>"; };
		0746DD942CD94BF600BB8F10 /* Story.swift */ = {isa = PBXFileReference; lastKnownFileType = sourcecode.swift; path = Story.swift; sourceTree = "<group>"; };
		0746DD972CD94C9E00BB8F10 /* StoryRepository.swift */ = {isa = PBXFileReference; lastKnownFileType = sourcecode.swift; path = StoryRepository.swift; sourceTree = "<group>"; };
		0746DD9B2CD94D6200BB8F10 /* StoryViewModel.swift */ = {isa = PBXFileReference; lastKnownFileType = sourcecode.swift; path = StoryViewModel.swift; sourceTree = "<group>"; };
		0746DD9F2CD9612500BB8F10 /* TestView.swift */ = {isa = PBXFileReference; lastKnownFileType = sourcecode.swift; path = TestView.swift; sourceTree = "<group>"; };
		19EE7BD42CDC66360078A05B /* User.swift */ = {isa = PBXFileReference; lastKnownFileType = sourcecode.swift; path = User.swift; sourceTree = "<group>"; };
		19EE7BD62CDC66630078A05B /* AuthViewModel.swift */ = {isa = PBXFileReference; lastKnownFileType = sourcecode.swift; path = AuthViewModel.swift; sourceTree = "<group>"; };
		19EE7BD92CDC66E00078A05B /* CustomToggle.swift */ = {isa = PBXFileReference; lastKnownFileType = sourcecode.swift; path = CustomToggle.swift; sourceTree = "<group>"; };
		19EE7BDB2CDC67050078A05B /* ContentView.swift */ = {isa = PBXFileReference; lastKnownFileType = sourcecode.swift; path = ContentView.swift; sourceTree = "<group>"; };
		19EE7BDD2CDC67200078A05B /* SelectNicknameView.swift */ = {isa = PBXFileReference; lastKnownFileType = sourcecode.swift; path = SelectNicknameView.swift; sourceTree = "<group>"; };
		19EE7BDF2CDC67340078A05B /* SignInView.swift */ = {isa = PBXFileReference; lastKnownFileType = sourcecode.swift; path = SignInView.swift; sourceTree = "<group>"; };
		19EE7BE12CDC67440078A05B /* SignUpView.swift */ = {isa = PBXFileReference; lastKnownFileType = sourcecode.swift; path = SignUpView.swift; sourceTree = "<group>"; };
		19EE7BE32CDC67D10078A05B /* GoogleService-Info.plist */ = {isa = PBXFileReference; fileEncoding = 4; lastKnownFileType = text.plist.xml; path = "GoogleService-Info.plist"; sourceTree = "<group>"; };
		7C80BF492CEEB1FC0033DD55 /* PreviewPanelView.swift */ = {isa = PBXFileReference; lastKnownFileType = sourcecode.swift; path = PreviewPanelView.swift; sourceTree = "<group>"; };
		7C8DBDAB2CDC13330035B50A /* StoryCompletedView.swift */ = {isa = PBXFileReference; lastKnownFileType = sourcecode.swift; path = StoryCompletedView.swift; sourceTree = "<group>"; };
		7C8DBDAF2CDD0A900035B50A /* LoadingView.swift */ = {isa = PBXFileReference; lastKnownFileType = sourcecode.swift; path = LoadingView.swift; sourceTree = "<group>"; };
/* End PBXFileReference section */

/* Begin PBXFrameworksBuildPhase section */
		0746DD352CD0365900BB8F10 /* Frameworks */ = {
			isa = PBXFrameworksBuildPhase;
			buildActionMask = 2147483647;
			files = (
				19EE7C872CDD35340078A05B /* FirebaseDatabase in Frameworks */,
				19EE7C8D2CDD35340078A05B /* FirebaseFirestoreCombine-Community in Frameworks */,
				19EE7C912CDD35340078A05B /* FirebaseStorageCombine-Community in Frameworks */,
				19EE7C8F2CDD35340078A05B /* FirebaseStorage in Frameworks */,
				19EE7C7F2CDD35340078A05B /* FirebaseAnalytics in Frameworks */,
				19EE7C832CDD35340078A05B /* FirebaseAuthCombine-Community in Frameworks */,
				19EE7C852CDD35340078A05B /* FirebaseCore in Frameworks */,
				19EE7C812CDD35340078A05B /* FirebaseAuth in Frameworks */,
				19EE7C892CDD35340078A05B /* FirebaseDynamicLinks in Frameworks */,
				19EE7C8B2CDD35340078A05B /* FirebaseFirestore in Frameworks */,
			);
			runOnlyForDeploymentPostprocessing = 0;
		};
		0746DD452CD0365B00BB8F10 /* Frameworks */ = {
			isa = PBXFrameworksBuildPhase;
			buildActionMask = 2147483647;
			files = (
			);
			runOnlyForDeploymentPostprocessing = 0;
		};
		0746DD4F2CD0365B00BB8F10 /* Frameworks */ = {
			isa = PBXFrameworksBuildPhase;
			buildActionMask = 2147483647;
			files = (
			);
			runOnlyForDeploymentPostprocessing = 0;
		};
/* End PBXFrameworksBuildPhase section */

/* Begin PBXGroup section */
		0746DD2F2CD0365900BB8F10 = {
			isa = PBXGroup;
			children = (
				0746DD3A2CD0365900BB8F10 /* StutterQuest */,
				0746DD4B2CD0365B00BB8F10 /* StutterQuestTests */,
				0746DD552CD0365B00BB8F10 /* StutterQuestUITests */,
				0746DD392CD0365900BB8F10 /* Products */,
				0746DE1E2CDC38DE00BB8F10 /* Frameworks */,
			);
			sourceTree = "<group>";
		};
		0746DD392CD0365900BB8F10 /* Products */ = {
			isa = PBXGroup;
			children = (
				0746DD382CD0365900BB8F10 /* StutterQuest.app */,
				0746DD482CD0365B00BB8F10 /* StutterQuestTests.xctest */,
				0746DD522CD0365B00BB8F10 /* StutterQuestUITests.xctest */,
			);
			name = Products;
			sourceTree = "<group>";
		};
		0746DD3A2CD0365900BB8F10 /* StutterQuest */ = {
			isa = PBXGroup;
			children = (
				19EE7BE32CDC67D10078A05B /* GoogleService-Info.plist */,
				0746DD9A2CD94D4E00BB8F10 /* ViewModels */,
				0746DD962CD94C8100BB8F10 /* DataRepository */,
				0746DD782CD2EF7D00BB8F10 /* Services */,
				0746DD702CD2DE2600BB8F10 /* Models */,
				0746DD6F2CD2DE1F00BB8F10 /* Views */,
				0746DD3B2CD0365900BB8F10 /* StutterQuestApp.swift */,
				0746DD3F2CD0365B00BB8F10 /* Assets.xcassets */,
				0746DD412CD0365B00BB8F10 /* Preview Content */,
			);
			path = StutterQuest;
			sourceTree = "<group>";
		};
		0746DD412CD0365B00BB8F10 /* Preview Content */ = {
			isa = PBXGroup;
			children = (
				0746DD422CD0365B00BB8F10 /* Preview Assets.xcassets */,
			);
			path = "Preview Content";
			sourceTree = "<group>";
		};
		0746DD4B2CD0365B00BB8F10 /* StutterQuestTests */ = {
			isa = PBXGroup;
			children = (
				0746DD4C2CD0365B00BB8F10 /* StutterQuestTests.swift */,
			);
			path = StutterQuestTests;
			sourceTree = "<group>";
		};
		0746DD552CD0365B00BB8F10 /* StutterQuestUITests */ = {
			isa = PBXGroup;
			children = (
				0746DD562CD0365B00BB8F10 /* StutterQuestUITests.swift */,
				0746DD582CD0365B00BB8F10 /* StutterQuestUITestsLaunchTests.swift */,
			);
			path = StutterQuestUITests;
			sourceTree = "<group>";
		};
		0746DD6F2CD2DE1F00BB8F10 /* Views */ = {
			isa = PBXGroup;
			children = (
				19EE7BD82CDC66D20078A05B /* Components */,
				0746DD712CD2E5C800BB8F10 /* StoryView.swift */,
				0746DD7B2CD2F2FF00BB8F10 /* WebView.swift */,
				0746DD7D2CD439D300BB8F10 /* StorySelectionView.swift */,
				0746DD7F2CD5271800BB8F10 /* NavigationBarView.swift */,
				19EE7BDB2CDC67050078A05B /* ContentView.swift */,
				0746DD812CD5277700BB8F10 /* StoryCardView.swift */,
				0746DD9F2CD9612500BB8F10 /* TestView.swift */,
				7C8DBDAB2CDC13330035B50A /* StoryCompletedView.swift */,
				19EE7BDD2CDC67200078A05B /* SelectNicknameView.swift */,
				19EE7BDF2CDC67340078A05B /* SignInView.swift */,
				19EE7BE12CDC67440078A05B /* SignUpView.swift */,
				7C8DBDAF2CDD0A900035B50A /* LoadingView.swift */,
				7C80BF492CEEB1FC0033DD55 /* PreviewPanelView.swift */,
			);
			path = Views;
			sourceTree = "<group>";
		};
		0746DD702CD2DE2600BB8F10 /* Models */ = {
			isa = PBXGroup;
			children = (
				0746DD752CD2E61300BB8F10 /* TextComparison.swift */,
				0746DD942CD94BF600BB8F10 /* Story.swift */,
				19EE7BD42CDC66360078A05B /* User.swift */,
			);
			path = Models;
			sourceTree = "<group>";
		};
		0746DD782CD2EF7D00BB8F10 /* Services */ = {
			isa = PBXGroup;
			children = (
				0746DD732CD2E5F000BB8F10 /* SpeechRecognizer.swift */,
				0746DD792CD2EFA100BB8F10 /* PronunciationService.swift */,
			);
			path = Services;
			sourceTree = "<group>";
		};
		0746DD962CD94C8100BB8F10 /* DataRepository */ = {
			isa = PBXGroup;
			children = (
				0746DD972CD94C9E00BB8F10 /* StoryRepository.swift */,
			);
			path = DataRepository;
			sourceTree = "<group>";
		};
		0746DD9A2CD94D4E00BB8F10 /* ViewModels */ = {
			isa = PBXGroup;
			children = (
				0746DD9B2CD94D6200BB8F10 /* StoryViewModel.swift */,
				19EE7BD62CDC66630078A05B /* AuthViewModel.swift */,
			);
			path = ViewModels;
			sourceTree = "<group>";
		};
		0746DE1E2CDC38DE00BB8F10 /* Frameworks */ = {
			isa = PBXGroup;
			children = (
			);
			name = Frameworks;
			sourceTree = "<group>";
		};
		19EE7BD82CDC66D20078A05B /* Components */ = {
			isa = PBXGroup;
			children = (
				19EE7BD92CDC66E00078A05B /* CustomToggle.swift */,
			);
			path = Components;
			sourceTree = "<group>";
		};
/* End PBXGroup section */

/* Begin PBXNativeTarget section */
		0746DD372CD0365900BB8F10 /* StutterQuest */ = {
			isa = PBXNativeTarget;
			buildConfigurationList = 0746DD5C2CD0365B00BB8F10 /* Build configuration list for PBXNativeTarget "StutterQuest" */;
			buildPhases = (
				0746DD342CD0365900BB8F10 /* Sources */,
				0746DD352CD0365900BB8F10 /* Frameworks */,
				0746DD362CD0365900BB8F10 /* Resources */,
			);
			buildRules = (
			);
			dependencies = (
			);
			name = StutterQuest;
			packageProductDependencies = (
				19EE7C7E2CDD35340078A05B /* FirebaseAnalytics */,
				19EE7C802CDD35340078A05B /* FirebaseAuth */,
				19EE7C822CDD35340078A05B /* FirebaseAuthCombine-Community */,
				19EE7C842CDD35340078A05B /* FirebaseCore */,
				19EE7C862CDD35340078A05B /* FirebaseDatabase */,
				19EE7C882CDD35340078A05B /* FirebaseDynamicLinks */,
				19EE7C8A2CDD35340078A05B /* FirebaseFirestore */,
				19EE7C8C2CDD35340078A05B /* FirebaseFirestoreCombine-Community */,
				19EE7C8E2CDD35340078A05B /* FirebaseStorage */,
				19EE7C902CDD35340078A05B /* FirebaseStorageCombine-Community */,
			);
			productName = StutterQuest;
			productReference = 0746DD382CD0365900BB8F10 /* StutterQuest.app */;
			productType = "com.apple.product-type.application";
		};
		0746DD472CD0365B00BB8F10 /* StutterQuestTests */ = {
			isa = PBXNativeTarget;
			buildConfigurationList = 0746DD5F2CD0365B00BB8F10 /* Build configuration list for PBXNativeTarget "StutterQuestTests" */;
			buildPhases = (
				0746DD442CD0365B00BB8F10 /* Sources */,
				0746DD452CD0365B00BB8F10 /* Frameworks */,
				0746DD462CD0365B00BB8F10 /* Resources */,
			);
			buildRules = (
			);
			dependencies = (
				0746DD4A2CD0365B00BB8F10 /* PBXTargetDependency */,
			);
			name = StutterQuestTests;
			productName = StutterQuestTests;
			productReference = 0746DD482CD0365B00BB8F10 /* StutterQuestTests.xctest */;
			productType = "com.apple.product-type.bundle.unit-test";
		};
		0746DD512CD0365B00BB8F10 /* StutterQuestUITests */ = {
			isa = PBXNativeTarget;
			buildConfigurationList = 0746DD622CD0365B00BB8F10 /* Build configuration list for PBXNativeTarget "StutterQuestUITests" */;
			buildPhases = (
				0746DD4E2CD0365B00BB8F10 /* Sources */,
				0746DD4F2CD0365B00BB8F10 /* Frameworks */,
				0746DD502CD0365B00BB8F10 /* Resources */,
			);
			buildRules = (
			);
			dependencies = (
				0746DD542CD0365B00BB8F10 /* PBXTargetDependency */,
			);
			name = StutterQuestUITests;
			productName = StutterQuestUITests;
			productReference = 0746DD522CD0365B00BB8F10 /* StutterQuestUITests.xctest */;
			productType = "com.apple.product-type.bundle.ui-testing";
		};
/* End PBXNativeTarget section */

/* Begin PBXProject section */
		0746DD302CD0365900BB8F10 /* Project object */ = {
			isa = PBXProject;
			attributes = {
				BuildIndependentTargetsInParallel = 1;
				LastSwiftUpdateCheck = 1540;
				LastUpgradeCheck = 1540;
				TargetAttributes = {
					0746DD372CD0365900BB8F10 = {
						CreatedOnToolsVersion = 15.4;
					};
					0746DD472CD0365B00BB8F10 = {
						CreatedOnToolsVersion = 15.4;
						TestTargetID = 0746DD372CD0365900BB8F10;
					};
					0746DD512CD0365B00BB8F10 = {
						CreatedOnToolsVersion = 15.4;
						TestTargetID = 0746DD372CD0365900BB8F10;
					};
				};
			};
			buildConfigurationList = 0746DD332CD0365900BB8F10 /* Build configuration list for PBXProject "StutterQuest" */;
			compatibilityVersion = "Xcode 14.0";
			developmentRegion = en;
			hasScannedForEncodings = 0;
			knownRegions = (
				en,
				Base,
			);
			mainGroup = 0746DD2F2CD0365900BB8F10;
			packageReferences = (
				0746DE1F2CDC39DE00BB8F10 /* XCRemoteSwiftPackageReference "firebase-ios-sdk" */,
			);
			productRefGroup = 0746DD392CD0365900BB8F10 /* Products */;
			projectDirPath = "";
			projectRoot = "";
			targets = (
				0746DD372CD0365900BB8F10 /* StutterQuest */,
				0746DD472CD0365B00BB8F10 /* StutterQuestTests */,
				0746DD512CD0365B00BB8F10 /* StutterQuestUITests */,
			);
		};
/* End PBXProject section */

/* Begin PBXResourcesBuildPhase section */
		0746DD362CD0365900BB8F10 /* Resources */ = {
			isa = PBXResourcesBuildPhase;
			buildActionMask = 2147483647;
			files = (
				0746DD432CD0365B00BB8F10 /* Preview Assets.xcassets in Resources */,
				19EE7BE42CDC67D10078A05B /* GoogleService-Info.plist in Resources */,
				0746DD402CD0365B00BB8F10 /* Assets.xcassets in Resources */,
			);
			runOnlyForDeploymentPostprocessing = 0;
		};
		0746DD462CD0365B00BB8F10 /* Resources */ = {
			isa = PBXResourcesBuildPhase;
			buildActionMask = 2147483647;
			files = (
			);
			runOnlyForDeploymentPostprocessing = 0;
		};
		0746DD502CD0365B00BB8F10 /* Resources */ = {
			isa = PBXResourcesBuildPhase;
			buildActionMask = 2147483647;
			files = (
			);
			runOnlyForDeploymentPostprocessing = 0;
		};
/* End PBXResourcesBuildPhase section */

/* Begin PBXSourcesBuildPhase section */
		0746DD342CD0365900BB8F10 /* Sources */ = {
			isa = PBXSourcesBuildPhase;
			buildActionMask = 2147483647;
			files = (
				0746DDA02CD9612500BB8F10 /* TestView.swift in Sources */,
				0746DD722CD2E5C800BB8F10 /* StoryView.swift in Sources */,
				0746DD742CD2E5F000BB8F10 /* SpeechRecognizer.swift in Sources */,
				7C8DBDB02CDD0A900035B50A /* LoadingView.swift in Sources */,
				0746DD762CD2E61300BB8F10 /* TextComparison.swift in Sources */,
				19EE7BD52CDC66360078A05B /* User.swift in Sources */,
				0746DD7A2CD2EFA100BB8F10 /* PronunciationService.swift in Sources */,
				19EE7BD72CDC66630078A05B /* AuthViewModel.swift in Sources */,
				19EE7BDC2CDC67050078A05B /* ContentView.swift in Sources */,
				7C8DBDAC2CDC13330035B50A /* StoryCompletedView.swift in Sources */,
				0746DD982CD94C9E00BB8F10 /* StoryRepository.swift in Sources */,
				19EE7BE22CDC67440078A05B /* SignUpView.swift in Sources */,
				19EE7BDE2CDC67200078A05B /* SelectNicknameView.swift in Sources */,
				0746DD7E2CD439D300BB8F10 /* StorySelectionView.swift in Sources */,
				7C80BF4A2CEEB1FC0033DD55 /* PreviewPanelView.swift in Sources */,
				0746DD822CD5277700BB8F10 /* StoryCardView.swift in Sources */,
				19EE7BDA2CDC66E00078A05B /* CustomToggle.swift in Sources */,
				19EE7BE02CDC67340078A05B /* SignInView.swift in Sources */,
				0746DD3C2CD0365900BB8F10 /* StutterQuestApp.swift in Sources */,
				0746DD7C2CD2F2FF00BB8F10 /* WebView.swift in Sources */,
				0746DD9C2CD94D6200BB8F10 /* StoryViewModel.swift in Sources */,
				0746DD802CD5271800BB8F10 /* NavigationBarView.swift in Sources */,
				0746DD952CD94BF600BB8F10 /* Story.swift in Sources */,
			);
			runOnlyForDeploymentPostprocessing = 0;
		};
		0746DD442CD0365B00BB8F10 /* Sources */ = {
			isa = PBXSourcesBuildPhase;
			buildActionMask = 2147483647;
			files = (
				0746DD4D2CD0365B00BB8F10 /* StutterQuestTests.swift in Sources */,
			);
			runOnlyForDeploymentPostprocessing = 0;
		};
		0746DD4E2CD0365B00BB8F10 /* Sources */ = {
			isa = PBXSourcesBuildPhase;
			buildActionMask = 2147483647;
			files = (
				0746DD572CD0365B00BB8F10 /* StutterQuestUITests.swift in Sources */,
				0746DD592CD0365B00BB8F10 /* StutterQuestUITestsLaunchTests.swift in Sources */,
			);
			runOnlyForDeploymentPostprocessing = 0;
		};
/* End PBXSourcesBuildPhase section */

/* Begin PBXTargetDependency section */
		0746DD4A2CD0365B00BB8F10 /* PBXTargetDependency */ = {
			isa = PBXTargetDependency;
			target = 0746DD372CD0365900BB8F10 /* StutterQuest */;
			targetProxy = 0746DD492CD0365B00BB8F10 /* PBXContainerItemProxy */;
		};
		0746DD542CD0365B00BB8F10 /* PBXTargetDependency */ = {
			isa = PBXTargetDependency;
			target = 0746DD372CD0365900BB8F10 /* StutterQuest */;
			targetProxy = 0746DD532CD0365B00BB8F10 /* PBXContainerItemProxy */;
		};
/* End PBXTargetDependency section */

/* Begin XCBuildConfiguration section */
		0746DD5A2CD0365B00BB8F10 /* Debug */ = {
			isa = XCBuildConfiguration;
			buildSettings = {
				ALWAYS_SEARCH_USER_PATHS = NO;
				ASSETCATALOG_COMPILER_GENERATE_SWIFT_ASSET_SYMBOL_EXTENSIONS = YES;
				CLANG_ANALYZER_NONNULL = YES;
				CLANG_ANALYZER_NUMBER_OBJECT_CONVERSION = YES_AGGRESSIVE;
				CLANG_CXX_LANGUAGE_STANDARD = "gnu++20";
				CLANG_ENABLE_MODULES = YES;
				CLANG_ENABLE_OBJC_ARC = YES;
				CLANG_ENABLE_OBJC_WEAK = YES;
				CLANG_WARN_BLOCK_CAPTURE_AUTORELEASING = YES;
				CLANG_WARN_BOOL_CONVERSION = YES;
				CLANG_WARN_COMMA = YES;
				CLANG_WARN_CONSTANT_CONVERSION = YES;
				CLANG_WARN_DEPRECATED_OBJC_IMPLEMENTATIONS = YES;
				CLANG_WARN_DIRECT_OBJC_ISA_USAGE = YES_ERROR;
				CLANG_WARN_DOCUMENTATION_COMMENTS = YES;
				CLANG_WARN_EMPTY_BODY = YES;
				CLANG_WARN_ENUM_CONVERSION = YES;
				CLANG_WARN_INFINITE_RECURSION = YES;
				CLANG_WARN_INT_CONVERSION = YES;
				CLANG_WARN_NON_LITERAL_NULL_CONVERSION = YES;
				CLANG_WARN_OBJC_IMPLICIT_RETAIN_SELF = YES;
				CLANG_WARN_OBJC_LITERAL_CONVERSION = YES;
				CLANG_WARN_OBJC_ROOT_CLASS = YES_ERROR;
				CLANG_WARN_QUOTED_INCLUDE_IN_FRAMEWORK_HEADER = YES;
				CLANG_WARN_RANGE_LOOP_ANALYSIS = YES;
				CLANG_WARN_STRICT_PROTOTYPES = YES;
				CLANG_WARN_SUSPICIOUS_MOVE = YES;
				CLANG_WARN_UNGUARDED_AVAILABILITY = YES_AGGRESSIVE;
				CLANG_WARN_UNREACHABLE_CODE = YES;
				CLANG_WARN__DUPLICATE_METHOD_MATCH = YES;
				COPY_PHASE_STRIP = NO;
				DEBUG_INFORMATION_FORMAT = dwarf;
				ENABLE_STRICT_OBJC_MSGSEND = YES;
				ENABLE_TESTABILITY = YES;
				ENABLE_USER_SCRIPT_SANDBOXING = YES;
				GCC_C_LANGUAGE_STANDARD = gnu17;
				GCC_DYNAMIC_NO_PIC = NO;
				GCC_NO_COMMON_BLOCKS = YES;
				GCC_OPTIMIZATION_LEVEL = 0;
				GCC_PREPROCESSOR_DEFINITIONS = (
					"DEBUG=1",
					"$(inherited)",
				);
				GCC_WARN_64_TO_32_BIT_CONVERSION = YES;
				GCC_WARN_ABOUT_RETURN_TYPE = YES_ERROR;
				GCC_WARN_UNDECLARED_SELECTOR = YES;
				GCC_WARN_UNINITIALIZED_AUTOS = YES_AGGRESSIVE;
				GCC_WARN_UNUSED_FUNCTION = YES;
				GCC_WARN_UNUSED_VARIABLE = YES;
				IPHONEOS_DEPLOYMENT_TARGET = 17.5;
				LOCALIZATION_PREFERS_STRING_CATALOGS = YES;
				MTL_ENABLE_DEBUG_INFO = INCLUDE_SOURCE;
				MTL_FAST_MATH = YES;
				ONLY_ACTIVE_ARCH = YES;
				SDKROOT = iphoneos;
				SWIFT_ACTIVE_COMPILATION_CONDITIONS = "DEBUG $(inherited)";
				SWIFT_OPTIMIZATION_LEVEL = "-Onone";
			};
			name = Debug;
		};
		0746DD5B2CD0365B00BB8F10 /* Release */ = {
			isa = XCBuildConfiguration;
			buildSettings = {
				ALWAYS_SEARCH_USER_PATHS = NO;
				ASSETCATALOG_COMPILER_GENERATE_SWIFT_ASSET_SYMBOL_EXTENSIONS = YES;
				CLANG_ANALYZER_NONNULL = YES;
				CLANG_ANALYZER_NUMBER_OBJECT_CONVERSION = YES_AGGRESSIVE;
				CLANG_CXX_LANGUAGE_STANDARD = "gnu++20";
				CLANG_ENABLE_MODULES = YES;
				CLANG_ENABLE_OBJC_ARC = YES;
				CLANG_ENABLE_OBJC_WEAK = YES;
				CLANG_WARN_BLOCK_CAPTURE_AUTORELEASING = YES;
				CLANG_WARN_BOOL_CONVERSION = YES;
				CLANG_WARN_COMMA = YES;
				CLANG_WARN_CONSTANT_CONVERSION = YES;
				CLANG_WARN_DEPRECATED_OBJC_IMPLEMENTATIONS = YES;
				CLANG_WARN_DIRECT_OBJC_ISA_USAGE = YES_ERROR;
				CLANG_WARN_DOCUMENTATION_COMMENTS = YES;
				CLANG_WARN_EMPTY_BODY = YES;
				CLANG_WARN_ENUM_CONVERSION = YES;
				CLANG_WARN_INFINITE_RECURSION = YES;
				CLANG_WARN_INT_CONVERSION = YES;
				CLANG_WARN_NON_LITERAL_NULL_CONVERSION = YES;
				CLANG_WARN_OBJC_IMPLICIT_RETAIN_SELF = YES;
				CLANG_WARN_OBJC_LITERAL_CONVERSION = YES;
				CLANG_WARN_OBJC_ROOT_CLASS = YES_ERROR;
				CLANG_WARN_QUOTED_INCLUDE_IN_FRAMEWORK_HEADER = YES;
				CLANG_WARN_RANGE_LOOP_ANALYSIS = YES;
				CLANG_WARN_STRICT_PROTOTYPES = YES;
				CLANG_WARN_SUSPICIOUS_MOVE = YES;
				CLANG_WARN_UNGUARDED_AVAILABILITY = YES_AGGRESSIVE;
				CLANG_WARN_UNREACHABLE_CODE = YES;
				CLANG_WARN__DUPLICATE_METHOD_MATCH = YES;
				COPY_PHASE_STRIP = NO;
				DEBUG_INFORMATION_FORMAT = "dwarf-with-dsym";
				ENABLE_NS_ASSERTIONS = NO;
				ENABLE_STRICT_OBJC_MSGSEND = YES;
				ENABLE_USER_SCRIPT_SANDBOXING = YES;
				GCC_C_LANGUAGE_STANDARD = gnu17;
				GCC_NO_COMMON_BLOCKS = YES;
				GCC_WARN_64_TO_32_BIT_CONVERSION = YES;
				GCC_WARN_ABOUT_RETURN_TYPE = YES_ERROR;
				GCC_WARN_UNDECLARED_SELECTOR = YES;
				GCC_WARN_UNINITIALIZED_AUTOS = YES_AGGRESSIVE;
				GCC_WARN_UNUSED_FUNCTION = YES;
				GCC_WARN_UNUSED_VARIABLE = YES;
				IPHONEOS_DEPLOYMENT_TARGET = 17.5;
				LOCALIZATION_PREFERS_STRING_CATALOGS = YES;
				MTL_ENABLE_DEBUG_INFO = NO;
				MTL_FAST_MATH = YES;
				SDKROOT = iphoneos;
				SWIFT_COMPILATION_MODE = wholemodule;
				VALIDATE_PRODUCT = YES;
			};
			name = Release;
		};
		0746DD5D2CD0365B00BB8F10 /* Debug */ = {
			isa = XCBuildConfiguration;
			buildSettings = {
				ASSETCATALOG_COMPILER_APPICON_NAME = AppIcon;
				ASSETCATALOG_COMPILER_GLOBAL_ACCENT_COLOR_NAME = AccentColor;
				CODE_SIGN_STYLE = Automatic;
				CURRENT_PROJECT_VERSION = 1;
				DEVELOPMENT_ASSET_PATHS = "\"StutterQuest/Preview Content\"";
				DEVELOPMENT_TEAM = 3D6A94MSKG;
				ENABLE_PREVIEWS = YES;
				GENERATE_INFOPLIST_FILE = YES;
				INFOPLIST_FILE = StutterQuest/Info.plist;
				INFOPLIST_KEY_NSMicrophoneUsageDescription = "Audio is recorded to transcribe. Audio recordings are discarded after transcription.";
				INFOPLIST_KEY_NSSpeechRecognitionUsageDescription = "Audio is recorded to progress in stories. Audio recordings are discarded after transcription";
				INFOPLIST_KEY_UIApplicationSceneManifest_Generation = YES;
				INFOPLIST_KEY_UIApplicationSupportsIndirectInputEvents = YES;
				INFOPLIST_KEY_UILaunchScreen_Generation = YES;
				INFOPLIST_KEY_UISupportedInterfaceOrientations = "UIInterfaceOrientationLandscapeLeft UIInterfaceOrientationLandscapeRight";
				LD_RUNPATH_SEARCH_PATHS = (
					"$(inherited)",
					"@executable_path/Frameworks",
				);
				MARKETING_VERSION = 1.0;
				PRODUCT_BUNDLE_IDENTIFIER = "Wenchao-Hu";
				PRODUCT_NAME = "$(TARGET_NAME)";
				SWIFT_EMIT_LOC_STRINGS = YES;
				SWIFT_VERSION = 5.0;
				TARGETED_DEVICE_FAMILY = "1,2";
			};
			name = Debug;
		};
		0746DD5E2CD0365B00BB8F10 /* Release */ = {
			isa = XCBuildConfiguration;
			buildSettings = {
				ASSETCATALOG_COMPILER_APPICON_NAME = AppIcon;
				ASSETCATALOG_COMPILER_GLOBAL_ACCENT_COLOR_NAME = AccentColor;
				CODE_SIGN_STYLE = Automatic;
				CURRENT_PROJECT_VERSION = 1;
				DEVELOPMENT_ASSET_PATHS = "\"StutterQuest/Preview Content\"";
				DEVELOPMENT_TEAM = 3D6A94MSKG;
				ENABLE_PREVIEWS = YES;
				GENERATE_INFOPLIST_FILE = YES;
				INFOPLIST_FILE = StutterQuest/Info.plist;
				INFOPLIST_KEY_NSMicrophoneUsageDescription = "Audio is recorded to transcribe. Audio recordings are discarded after transcription.";
				INFOPLIST_KEY_NSSpeechRecognitionUsageDescription = "Audio is recorded to progress in stories. Audio recordings are discarded after transcription";
				INFOPLIST_KEY_UIApplicationSceneManifest_Generation = YES;
				INFOPLIST_KEY_UIApplicationSupportsIndirectInputEvents = YES;
				INFOPLIST_KEY_UILaunchScreen_Generation = YES;
				INFOPLIST_KEY_UISupportedInterfaceOrientations = "UIInterfaceOrientationLandscapeLeft UIInterfaceOrientationLandscapeRight";
				LD_RUNPATH_SEARCH_PATHS = (
					"$(inherited)",
					"@executable_path/Frameworks",
				);
				MARKETING_VERSION = 1.0;
				PRODUCT_BUNDLE_IDENTIFIER = "Wenchao-Hu";
				PRODUCT_NAME = "$(TARGET_NAME)";
				SWIFT_EMIT_LOC_STRINGS = YES;
				SWIFT_VERSION = 5.0;
				TARGETED_DEVICE_FAMILY = "1,2";
			};
			name = Release;
		};
		0746DD602CD0365B00BB8F10 /* Debug */ = {
			isa = XCBuildConfiguration;
			buildSettings = {
				ALWAYS_EMBED_SWIFT_STANDARD_LIBRARIES = YES;
				BUNDLE_LOADER = "$(TEST_HOST)";
				CODE_SIGN_STYLE = Automatic;
				CURRENT_PROJECT_VERSION = 1;
				GENERATE_INFOPLIST_FILE = YES;
				IPHONEOS_DEPLOYMENT_TARGET = 17.5;
				MARKETING_VERSION = 1.0;
				PRODUCT_BUNDLE_IDENTIFIER = Bahzad.StutterQuestTests;
				PRODUCT_NAME = "$(TARGET_NAME)";
				SWIFT_EMIT_LOC_STRINGS = NO;
				SWIFT_VERSION = 5.0;
				TARGETED_DEVICE_FAMILY = "1,2";
				TEST_HOST = "$(BUILT_PRODUCTS_DIR)/StutterQuest.app/$(BUNDLE_EXECUTABLE_FOLDER_PATH)/StutterQuest";
			};
			name = Debug;
		};
		0746DD612CD0365B00BB8F10 /* Release */ = {
			isa = XCBuildConfiguration;
			buildSettings = {
				ALWAYS_EMBED_SWIFT_STANDARD_LIBRARIES = YES;
				BUNDLE_LOADER = "$(TEST_HOST)";
				CODE_SIGN_STYLE = Automatic;
				CURRENT_PROJECT_VERSION = 1;
				GENERATE_INFOPLIST_FILE = YES;
				IPHONEOS_DEPLOYMENT_TARGET = 17.5;
				MARKETING_VERSION = 1.0;
				PRODUCT_BUNDLE_IDENTIFIER = Bahzad.StutterQuestTests;
				PRODUCT_NAME = "$(TARGET_NAME)";
				SWIFT_EMIT_LOC_STRINGS = NO;
				SWIFT_VERSION = 5.0;
				TARGETED_DEVICE_FAMILY = "1,2";
				TEST_HOST = "$(BUILT_PRODUCTS_DIR)/StutterQuest.app/$(BUNDLE_EXECUTABLE_FOLDER_PATH)/StutterQuest";
			};
			name = Release;
		};
		0746DD632CD0365B00BB8F10 /* Debug */ = {
			isa = XCBuildConfiguration;
			buildSettings = {
				ALWAYS_EMBED_SWIFT_STANDARD_LIBRARIES = YES;
				CODE_SIGN_STYLE = Automatic;
				CURRENT_PROJECT_VERSION = 1;
				GENERATE_INFOPLIST_FILE = YES;
				MARKETING_VERSION = 1.0;
				PRODUCT_BUNDLE_IDENTIFIER = Bahzad.StutterQuestUITests;
				PRODUCT_NAME = "$(TARGET_NAME)";
				SWIFT_EMIT_LOC_STRINGS = NO;
				SWIFT_VERSION = 5.0;
				TARGETED_DEVICE_FAMILY = "1,2";
				TEST_TARGET_NAME = StutterQuest;
			};
			name = Debug;
		};
		0746DD642CD0365B00BB8F10 /* Release */ = {
			isa = XCBuildConfiguration;
			buildSettings = {
				ALWAYS_EMBED_SWIFT_STANDARD_LIBRARIES = YES;
				CODE_SIGN_STYLE = Automatic;
				CURRENT_PROJECT_VERSION = 1;
				GENERATE_INFOPLIST_FILE = YES;
				MARKETING_VERSION = 1.0;
				PRODUCT_BUNDLE_IDENTIFIER = Bahzad.StutterQuestUITests;
				PRODUCT_NAME = "$(TARGET_NAME)";
				SWIFT_EMIT_LOC_STRINGS = NO;
				SWIFT_VERSION = 5.0;
				TARGETED_DEVICE_FAMILY = "1,2";
				TEST_TARGET_NAME = StutterQuest;
			};
			name = Release;
		};
/* End XCBuildConfiguration section */

/* Begin XCConfigurationList section */
		0746DD332CD0365900BB8F10 /* Build configuration list for PBXProject "StutterQuest" */ = {
			isa = XCConfigurationList;
			buildConfigurations = (
				0746DD5A2CD0365B00BB8F10 /* Debug */,
				0746DD5B2CD0365B00BB8F10 /* Release */,
			);
			defaultConfigurationIsVisible = 0;
			defaultConfigurationName = Release;
		};
		0746DD5C2CD0365B00BB8F10 /* Build configuration list for PBXNativeTarget "StutterQuest" */ = {
			isa = XCConfigurationList;
			buildConfigurations = (
				0746DD5D2CD0365B00BB8F10 /* Debug */,
				0746DD5E2CD0365B00BB8F10 /* Release */,
			);
			defaultConfigurationIsVisible = 0;
			defaultConfigurationName = Release;
		};
		0746DD5F2CD0365B00BB8F10 /* Build configuration list for PBXNativeTarget "StutterQuestTests" */ = {
			isa = XCConfigurationList;
			buildConfigurations = (
				0746DD602CD0365B00BB8F10 /* Debug */,
				0746DD612CD0365B00BB8F10 /* Release */,
			);
			defaultConfigurationIsVisible = 0;
			defaultConfigurationName = Release;
		};
		0746DD622CD0365B00BB8F10 /* Build configuration list for PBXNativeTarget "StutterQuestUITests" */ = {
			isa = XCConfigurationList;
			buildConfigurations = (
				0746DD632CD0365B00BB8F10 /* Debug */,
				0746DD642CD0365B00BB8F10 /* Release */,
			);
			defaultConfigurationIsVisible = 0;
			defaultConfigurationName = Release;
		};
/* End XCConfigurationList section */

/* Begin XCRemoteSwiftPackageReference section */
		0746DE1F2CDC39DE00BB8F10 /* XCRemoteSwiftPackageReference "firebase-ios-sdk" */ = {
			isa = XCRemoteSwiftPackageReference;
			repositoryURL = "https://github.com/firebase/firebase-ios-sdk.git";
			requirement = {
				kind = upToNextMajorVersion;
				minimumVersion = 11.4.0;
			};
		};
/* End XCRemoteSwiftPackageReference section */

/* Begin XCSwiftPackageProductDependency section */
		19EE7C7E2CDD35340078A05B /* FirebaseAnalytics */ = {
			isa = XCSwiftPackageProductDependency;
			productName = FirebaseAnalytics;
		};
		19EE7C802CDD35340078A05B /* FirebaseAuth */ = {
			isa = XCSwiftPackageProductDependency;
			productName = FirebaseAuth;
		};
		19EE7C822CDD35340078A05B /* FirebaseAuthCombine-Community */ = {
			isa = XCSwiftPackageProductDependency;
			productName = "FirebaseAuthCombine-Community";
		};
		19EE7C842CDD35340078A05B /* FirebaseCore */ = {
			isa = XCSwiftPackageProductDependency;
			productName = FirebaseCore;
		};
		19EE7C862CDD35340078A05B /* FirebaseDatabase */ = {
			isa = XCSwiftPackageProductDependency;
			productName = FirebaseDatabase;
		};
		19EE7C882CDD35340078A05B /* FirebaseDynamicLinks */ = {
			isa = XCSwiftPackageProductDependency;
			productName = FirebaseDynamicLinks;
		};
		19EE7C8A2CDD35340078A05B /* FirebaseFirestore */ = {
			isa = XCSwiftPackageProductDependency;
			productName = FirebaseFirestore;
		};
		19EE7C8C2CDD35340078A05B /* FirebaseFirestoreCombine-Community */ = {
			isa = XCSwiftPackageProductDependency;
			productName = "FirebaseFirestoreCombine-Community";
		};
		19EE7C8E2CDD35340078A05B /* FirebaseStorage */ = {
			isa = XCSwiftPackageProductDependency;
			productName = FirebaseStorage;
		};
		19EE7C902CDD35340078A05B /* FirebaseStorageCombine-Community */ = {
			isa = XCSwiftPackageProductDependency;
			productName = "FirebaseStorageCombine-Community";
		};
/* End XCSwiftPackageProductDependency section */
	};
	rootObject = 0746DD302CD0365900BB8F10 /* Project object */;
}
